<?xml version="1.0" encoding="UTF-8" standalone="yes" ?>
<CodeBlocks_project_file>
	<FileVersion major="1" minor="6" />
	<Project>
		<Option title="Edu_Inf_M_System" />
		<Option pch_mode="2" />
		<Option compiler="gcc" />
		<Option virtualFolders="user/;welcome/;output/;welcome/;output/;fuction/;see/;getfile/;login/;input/;modify/" />
		<Build>
			<Target title="Debug">
				<Option output="bin/Debug/Edu_Inf_M_System" prefix_auto="1" extension_auto="1" />
				<Option object_output="obj/Debug/" />
				<Option type="1" />
				<Option compiler="gcc" />
				<Compiler>
					<Add option="-g" />
				</Compiler>
			</Target>
			<Target title="Release">
				<Option output="bin/Release/Edu_Inf_M_System" prefix_auto="1" extension_auto="1" />
				<Option object_output="obj/Release/" />
				<Option type="1" />
				<Option compiler="gcc" />
				<Compiler>
					<Add option="-O2" />
				</Compiler>
				<Linker>
					<Add option="-s" />
				</Linker>
			</Target>
		</Build>
		<Compiler>
			<Add option="-Wall" />
			<Add option="-fexceptions" />
		</Compiler>
		<Unit filename="administrator.cpp">
			<Option virtualFolder="user/" />
		</Unit>
		<Unit filename="dele_stu.cpp">
			<Option virtualFolder="modify/" />
		</Unit>
		<Unit filename="function.h" />
		<Unit filename="getfile_class.cpp">
			<Option virtualFolder="getfile/" />
		</Unit>
		<Unit filename="getfile_course.cpp">
			<Option virtualFolder="getfile/" />
		</Unit>
		<Unit filename="getfile_stu.cpp">
			<Option virtualFolder="getfile/" />
		</Unit>
		<Unit filename="gotoxy.cpp">
			<Option virtualFolder="welcome/" />
		</Unit>
		<Unit filename="if_loginuser.cpp">
			<Option virtualFolder="login/" />
		</Unit>
		<Unit filename="input.cpp">
			<Option virtualFolder="input/" />
		</Unit>
		<Unit filename="input_T.cpp">
			<Option virtualFolder="input/" />
		</Unit>
		<Unit filename="input_class.cpp">
			<Option virtualFolder="input/" />
		</Unit>
		<Unit filename="input_course.cpp">
			<Option virtualFolder="input/" />
		</Unit>
		<Unit filename="input_stu.cpp">
			<Option virtualFolder="input/" />
		</Unit>
		<Unit filename="input_stu_course.cpp">
			<Option virtualFolder="input/" />
		</Unit>
		<Unit filename="input_stu_score.cpp">
			<Option virtualFolder="input/" />
		</Unit>
		<Unit filename="input_stu_self_course.cpp">
			<Option virtualFolder="input/" />
		</Unit>
		<Unit filename="login.cpp">
			<Option virtualFolder="login/" />
		</Unit>
		<Unit filename="main.cpp" />
		<Unit filename="menu.cpp" />
		<Unit filename="modify.cpp">
			<Option virtualFolder="modify/" />
		</Unit>
		<Unit filename="modify_stu.cpp">
			<Option virtualFolder="modify/" />
		</Unit>
		<Unit filename="ouput_course.cpp">
			<Option virtualFolder="output/" />
		</Unit>
		<Unit filename="output_class.cpp">
			<Option virtualFolder="output/" />
		</Unit>
		<Unit filename="output_stu.cpp">
			<Option virtualFolder="output/" />
		</Unit>
		<Unit filename="print_head.cpp">
			<Option virtualFolder="welcome/" />
		</Unit>
		<Unit filename="register.cpp">
			<Option virtualFolder="fuction/" />
		</Unit>
		<Unit filename="search_course.cpp">
			<Option virtualFolder="fuction/" />
		</Unit>
		<Unit filename="search_see_course.cpp">
			<Option virtualFolder="see/" />
		</Unit>
		<Unit filename="see_all_stu.cpp">
			<Option virtualFolder="see/" />
		</Unit>
		<Unit filename="see_class.cpp">
			<Option virtualFolder="see/" />
		</Unit>
		<Unit filename="see_course.cpp">
			<Option virtualFolder="see/" />
		</Unit>
		<Unit filename="see_stu.cpp">
			<Option virtualFolder="see/" />
		</Unit>
		<Unit filename="see_stu_course.cpp">
			<Option virtualFolder="see/" />
		</Unit>
		<Unit filename="stu_see_self.cpp">
			<Option virtualFolder="see/" />
		</Unit>
		<Unit filename="student.cpp">
			<Option virtualFolder="user/" />
		</Unit>
		<Unit filename="teacher.cpp">
			<Option virtualFolder="user/" />
		</Unit>
		<Unit filename="view.cpp">
			<Option virtualFolder="see/" />
		</Unit>
		<Unit filename="welcome.cpp">
			<Option virtualFolder="welcome/" />
		</Unit>
		<Extensions>
			<lib_finder disable_auto="1" />
		</Extensions>
	</Project>
</CodeBlocks_project_file>
